
Microsoft Visual Studio Solution File, Format Version 12.00
# Visual Studio Version 17
VisualStudioVersion = 17.2.32519.379
MinimumVisualStudioVersion = 10.0.40219.1
Project("{FAE04EC0-301F-11D3-BF4B-00C04F79EFBC}") = "ApiMembresias", "ApiMembresias.csproj", "{FEB13D0C-50CE-42CD-BE95-ACFEEF5C3226}"
EndProject
Global
	GlobalSection(SolutionConfigurationPlatforms) = preSolution
		Debug|Any CPU = Debug|Any CPU
		Release|Any CPU = Release|Any CPU
	EndGlobalSection
	GlobalSection(ProjectConfigurationPlatforms) = postSolution
		{FEB13D0C-50CE-42CD-BE95-ACFEEF5C3226}.Debug|Any CPU.ActiveCfg = Debug|Any CPU
		{FEB13D0C-50CE-42CD-BE95-ACFEEF5C3226}.Debug|Any CPU.Build.0 = Debug|Any CPU
		{FEB13D0C-50CE-42CD-BE95-ACFEEF5C3226}.Release|Any CPU.ActiveCfg = Release|Any CPU
		{FEB13D0C-50CE-42CD-BE95-ACFEEF5C3226}.Release|Any CPU.Build.0 = Release|Any CPU
	EndGlobalSection
	GlobalSection(SolutionProperties) = preSolution
		HideSolutionNode = FALSE
	EndGlobalSection
	GlobalSection(ExtensibilityGlobals) = postSolution
		SolutionGuid = {2F04B556-C088-4DF9-887D-9ECBE59309C0}
	EndGlobalSection
EndGlobal
