
Microsoft Visual Studio Solution File, Format Version 12.00
# Visual Studio Version 17
VisualStudioVersion = 17.2.32519.379
MinimumVisualStudioVersion = 10.0.40219.1
Project("{FAE04EC0-301F-11D3-BF4B-00C04F79EFBC}") = "JQueryRentasPeliculas", "JQueryRentasPeliculas.csproj", "{D6B0A4E0-325D-4B5C-B6D5-DF8DB45B13F5}"
EndProject
Global
	GlobalSection(SolutionConfigurationPlatforms) = preSolution
		Debug|Any CPU = Debug|Any CPU
		Release|Any CPU = Release|Any CPU
	EndGlobalSection
	GlobalSection(ProjectConfigurationPlatforms) = postSolution
		{D6B0A4E0-325D-4B5C-B6D5-DF8DB45B13F5}.Debug|Any CPU.ActiveCfg = Debug|Any CPU
		{D6B0A4E0-325D-4B5C-B6D5-DF8DB45B13F5}.Debug|Any CPU.Build.0 = Debug|Any CPU
		{D6B0A4E0-325D-4B5C-B6D5-DF8DB45B13F5}.Release|Any CPU.ActiveCfg = Release|Any CPU
		{D6B0A4E0-325D-4B5C-B6D5-DF8DB45B13F5}.Release|Any CPU.Build.0 = Release|Any CPU
	EndGlobalSection
	GlobalSection(SolutionProperties) = preSolution
		HideSolutionNode = FALSE
	EndGlobalSection
	GlobalSection(ExtensibilityGlobals) = postSolution
		SolutionGuid = {131A4951-DDCE-4BC6-AB93-88562E2E7AB9}
	EndGlobalSection
EndGlobal
