
Microsoft Visual Studio Solution File, Format Version 12.00
# Visual Studio Version 17
VisualStudioVersion = 17.2.32519.379
MinimumVisualStudioVersion = 10.0.40219.1
Project("{FAE04EC0-301F-11D3-BF4B-00C04F79EFBC}") = "Withdrawal", "Withdrawal.csproj", "{02E44DA5-5D80-4F9D-8A2B-6109FA96860A}"
EndProject
Global
	GlobalSection(SolutionConfigurationPlatforms) = preSolution
		Debug|Any CPU = Debug|Any CPU
		Release|Any CPU = Release|Any CPU
	EndGlobalSection
	GlobalSection(ProjectConfigurationPlatforms) = postSolution
		{02E44DA5-5D80-4F9D-8A2B-6109FA96860A}.Debug|Any CPU.ActiveCfg = Debug|Any CPU
		{02E44DA5-5D80-4F9D-8A2B-6109FA96860A}.Debug|Any CPU.Build.0 = Debug|Any CPU
		{02E44DA5-5D80-4F9D-8A2B-6109FA96860A}.Release|Any CPU.ActiveCfg = Release|Any CPU
		{02E44DA5-5D80-4F9D-8A2B-6109FA96860A}.Release|Any CPU.Build.0 = Release|Any CPU
	EndGlobalSection
	GlobalSection(SolutionProperties) = preSolution
		HideSolutionNode = FALSE
	EndGlobalSection
	GlobalSection(ExtensibilityGlobals) = postSolution
		SolutionGuid = {BC2711A1-96BB-4F2D-B104-29C8C113CD76}
	EndGlobalSection
EndGlobal
