
Microsoft Visual Studio Solution File, Format Version 12.00
# Visual Studio Version 17
VisualStudioVersion = 17.2.32519.379
MinimumVisualStudioVersion = 10.0.40219.1
Project("{FAE04EC0-301F-11D3-BF4B-00C04F79EFBC}") = "FrontRentaPeliculas", "FrontRentaPeliculas.csproj", "{4830FBE3-58BE-4838-8970-D126F1E52221}"
EndProject
Global
	GlobalSection(SolutionConfigurationPlatforms) = preSolution
		Debug|Any CPU = Debug|Any CPU
		Release|Any CPU = Release|Any CPU
	EndGlobalSection
	GlobalSection(ProjectConfigurationPlatforms) = postSolution
		{4830FBE3-58BE-4838-8970-D126F1E52221}.Debug|Any CPU.ActiveCfg = Debug|Any CPU
		{4830FBE3-58BE-4838-8970-D126F1E52221}.Debug|Any CPU.Build.0 = Debug|Any CPU
		{4830FBE3-58BE-4838-8970-D126F1E52221}.Release|Any CPU.ActiveCfg = Release|Any CPU
		{4830FBE3-58BE-4838-8970-D126F1E52221}.Release|Any CPU.Build.0 = Release|Any CPU
	EndGlobalSection
	GlobalSection(SolutionProperties) = preSolution
		HideSolutionNode = FALSE
	EndGlobalSection
	GlobalSection(ExtensibilityGlobals) = postSolution
		SolutionGuid = {658ED3F1-B0A7-45B8-9BDA-9BDC253D9B39}
	EndGlobalSection
EndGlobal
