
Microsoft Visual Studio Solution File, Format Version 12.00
# Visual Studio Version 17
VisualStudioVersion = 17.2.32519.379
MinimumVisualStudioVersion = 10.0.40219.1
Project("{FAE04EC0-301F-11D3-BF4B-00C04F79EFBC}") = "AccesoDatos", "AccesoDatos\AccesoDatos.csproj", "{72471987-CA23-4AD8-B0A0-843D448BDD27}"
EndProject
Project("{FAE04EC0-301F-11D3-BF4B-00C04F79EFBC}") = "Datos", "Datos\Datos.csproj", "{82E9137C-BC13-44D4-B4F9-612AC96CF34D}"
EndProject
Project("{FAE04EC0-301F-11D3-BF4B-00C04F79EFBC}") = "Logica", "Logica\Logica.csproj", "{B9CE626E-4A62-466B-850B-78780C694AC3}"
EndProject
Project("{FAE04EC0-301F-11D3-BF4B-00C04F79EFBC}") = "restFord", "restFord\restFord.csproj", "{0E317281-3B34-4185-8644-A63DAFB354D4}"
EndProject
Project("{FAE04EC0-301F-11D3-BF4B-00C04F79EFBC}") = "SOA_Ford", "SOA_Ford\SOA_Ford.csproj", "{5660602D-78BC-4034-9D40-D1EECF8E3DC5}"
EndProject
Global
	GlobalSection(SolutionConfigurationPlatforms) = preSolution
		Debug|Any CPU = Debug|Any CPU
		Release|Any CPU = Release|Any CPU
	EndGlobalSection
	GlobalSection(ProjectConfigurationPlatforms) = postSolution
		{72471987-CA23-4AD8-B0A0-843D448BDD27}.Debug|Any CPU.ActiveCfg = Debug|Any CPU
		{72471987-CA23-4AD8-B0A0-843D448BDD27}.Debug|Any CPU.Build.0 = Debug|Any CPU
		{72471987-CA23-4AD8-B0A0-843D448BDD27}.Release|Any CPU.ActiveCfg = Release|Any CPU
		{72471987-CA23-4AD8-B0A0-843D448BDD27}.Release|Any CPU.Build.0 = Release|Any CPU
		{82E9137C-BC13-44D4-B4F9-612AC96CF34D}.Debug|Any CPU.ActiveCfg = Debug|Any CPU
		{82E9137C-BC13-44D4-B4F9-612AC96CF34D}.Debug|Any CPU.Build.0 = Debug|Any CPU
		{82E9137C-BC13-44D4-B4F9-612AC96CF34D}.Release|Any CPU.ActiveCfg = Release|Any CPU
		{82E9137C-BC13-44D4-B4F9-612AC96CF34D}.Release|Any CPU.Build.0 = Release|Any CPU
		{B9CE626E-4A62-466B-850B-78780C694AC3}.Debug|Any CPU.ActiveCfg = Debug|Any CPU
		{B9CE626E-4A62-466B-850B-78780C694AC3}.Debug|Any CPU.Build.0 = Debug|Any CPU
		{B9CE626E-4A62-466B-850B-78780C694AC3}.Release|Any CPU.ActiveCfg = Release|Any CPU
		{B9CE626E-4A62-466B-850B-78780C694AC3}.Release|Any CPU.Build.0 = Release|Any CPU
		{0E317281-3B34-4185-8644-A63DAFB354D4}.Debug|Any CPU.ActiveCfg = Debug|Any CPU
		{0E317281-3B34-4185-8644-A63DAFB354D4}.Debug|Any CPU.Build.0 = Debug|Any CPU
		{0E317281-3B34-4185-8644-A63DAFB354D4}.Release|Any CPU.ActiveCfg = Release|Any CPU
		{0E317281-3B34-4185-8644-A63DAFB354D4}.Release|Any CPU.Build.0 = Release|Any CPU
		{5660602D-78BC-4034-9D40-D1EECF8E3DC5}.Debug|Any CPU.ActiveCfg = Debug|Any CPU
		{5660602D-78BC-4034-9D40-D1EECF8E3DC5}.Debug|Any CPU.Build.0 = Debug|Any CPU
		{5660602D-78BC-4034-9D40-D1EECF8E3DC5}.Release|Any CPU.ActiveCfg = Release|Any CPU
		{5660602D-78BC-4034-9D40-D1EECF8E3DC5}.Release|Any CPU.Build.0 = Release|Any CPU
	EndGlobalSection
	GlobalSection(SolutionProperties) = preSolution
		HideSolutionNode = FALSE
	EndGlobalSection
	GlobalSection(ExtensibilityGlobals) = postSolution
		SolutionGuid = {2C032B9C-36F9-429A-B529-DA99FE723B33}
	EndGlobalSection
EndGlobal
