
Microsoft Visual Studio Solution File, Format Version 12.00
# Visual Studio Version 17
VisualStudioVersion = 17.2.32519.379
MinimumVisualStudioVersion = 10.0.40219.1
Project("{FAE04EC0-301F-11D3-BF4B-00C04F79EFBC}") = "AppProveedor", "AppProveedor.csproj", "{FC3C7CA4-DF65-4886-B03B-0C60FE727619}"
EndProject
Global
	GlobalSection(SolutionConfigurationPlatforms) = preSolution
		Debug|Any CPU = Debug|Any CPU
		Release|Any CPU = Release|Any CPU
	EndGlobalSection
	GlobalSection(ProjectConfigurationPlatforms) = postSolution
		{FC3C7CA4-DF65-4886-B03B-0C60FE727619}.Debug|Any CPU.ActiveCfg = Debug|Any CPU
		{FC3C7CA4-DF65-4886-B03B-0C60FE727619}.Debug|Any CPU.Build.0 = Debug|Any CPU
		{FC3C7CA4-DF65-4886-B03B-0C60FE727619}.Release|Any CPU.ActiveCfg = Release|Any CPU
		{FC3C7CA4-DF65-4886-B03B-0C60FE727619}.Release|Any CPU.Build.0 = Release|Any CPU
	EndGlobalSection
	GlobalSection(SolutionProperties) = preSolution
		HideSolutionNode = FALSE
	EndGlobalSection
	GlobalSection(ExtensibilityGlobals) = postSolution
		SolutionGuid = {35E10E6E-9E5D-42A5-963E-80E80F5E854C}
	EndGlobalSection
EndGlobal
