
Microsoft Visual Studio Solution File, Format Version 12.00
# Visual Studio Version 17
VisualStudioVersion = 17.2.32519.379
MinimumVisualStudioVersion = 10.0.40219.1
Project("{FAE04EC0-301F-11D3-BF4B-00C04F79EFBC}") = "Datos", "Datos\Datos.csproj", "{3864564B-3939-4990-8D65-1C9F2599DB2F}"
EndProject
Project("{FAE04EC0-301F-11D3-BF4B-00C04F79EFBC}") = "AccesoDatos", "AccesoDatos\AccesoDatos.csproj", "{B0DCED79-2A57-405E-A356-EBE5FD2E4248}"
EndProject
Project("{FAE04EC0-301F-11D3-BF4B-00C04F79EFBC}") = "Logica", "Logica\Logica.csproj", "{F2E49E76-8E67-4B78-B897-7FFBFF77B0AB}"
EndProject
Project("{FAE04EC0-301F-11D3-BF4B-00C04F79EFBC}") = "SOA", "SOA\SOA.csproj", "{19528623-AC5E-41F1-8870-D93022CB6375}"
EndProject
Project("{FAE04EC0-301F-11D3-BF4B-00C04F79EFBC}") = "RestChev", "RestChev\RestChev.csproj", "{E40BD678-B40A-4A1B-B5C2-64875B1FB6A5}"
EndProject
Global
	GlobalSection(SolutionConfigurationPlatforms) = preSolution
		Debug|Any CPU = Debug|Any CPU
		Release|Any CPU = Release|Any CPU
	EndGlobalSection
	GlobalSection(ProjectConfigurationPlatforms) = postSolution
		{3864564B-3939-4990-8D65-1C9F2599DB2F}.Debug|Any CPU.ActiveCfg = Debug|Any CPU
		{3864564B-3939-4990-8D65-1C9F2599DB2F}.Debug|Any CPU.Build.0 = Debug|Any CPU
		{3864564B-3939-4990-8D65-1C9F2599DB2F}.Release|Any CPU.ActiveCfg = Release|Any CPU
		{3864564B-3939-4990-8D65-1C9F2599DB2F}.Release|Any CPU.Build.0 = Release|Any CPU
		{B0DCED79-2A57-405E-A356-EBE5FD2E4248}.Debug|Any CPU.ActiveCfg = Debug|Any CPU
		{B0DCED79-2A57-405E-A356-EBE5FD2E4248}.Debug|Any CPU.Build.0 = Debug|Any CPU
		{B0DCED79-2A57-405E-A356-EBE5FD2E4248}.Release|Any CPU.ActiveCfg = Release|Any CPU
		{B0DCED79-2A57-405E-A356-EBE5FD2E4248}.Release|Any CPU.Build.0 = Release|Any CPU
		{F2E49E76-8E67-4B78-B897-7FFBFF77B0AB}.Debug|Any CPU.ActiveCfg = Debug|Any CPU
		{F2E49E76-8E67-4B78-B897-7FFBFF77B0AB}.Debug|Any CPU.Build.0 = Debug|Any CPU
		{F2E49E76-8E67-4B78-B897-7FFBFF77B0AB}.Release|Any CPU.ActiveCfg = Release|Any CPU
		{F2E49E76-8E67-4B78-B897-7FFBFF77B0AB}.Release|Any CPU.Build.0 = Release|Any CPU
		{19528623-AC5E-41F1-8870-D93022CB6375}.Debug|Any CPU.ActiveCfg = Debug|Any CPU
		{19528623-AC5E-41F1-8870-D93022CB6375}.Debug|Any CPU.Build.0 = Debug|Any CPU
		{19528623-AC5E-41F1-8870-D93022CB6375}.Release|Any CPU.ActiveCfg = Release|Any CPU
		{19528623-AC5E-41F1-8870-D93022CB6375}.Release|Any CPU.Build.0 = Release|Any CPU
		{E40BD678-B40A-4A1B-B5C2-64875B1FB6A5}.Debug|Any CPU.ActiveCfg = Debug|Any CPU
		{E40BD678-B40A-4A1B-B5C2-64875B1FB6A5}.Debug|Any CPU.Build.0 = Debug|Any CPU
		{E40BD678-B40A-4A1B-B5C2-64875B1FB6A5}.Release|Any CPU.ActiveCfg = Release|Any CPU
		{E40BD678-B40A-4A1B-B5C2-64875B1FB6A5}.Release|Any CPU.Build.0 = Release|Any CPU
	EndGlobalSection
	GlobalSection(SolutionProperties) = preSolution
		HideSolutionNode = FALSE
	EndGlobalSection
	GlobalSection(ExtensibilityGlobals) = postSolution
		SolutionGuid = {B7ADFBE3-D94E-428E-B171-DB70629C6D72}
	EndGlobalSection
EndGlobal
